
Microsoft Visual Studio Solution File, Format Version 12.00
# Visual Studio Version 17
VisualStudioVersion = 17.5.33627.172
MinimumVisualStudioVersion = 10.0.40219.1
Project("{9A19103F-16F7-4668-BE54-9A1E7A4F7556}") = "KATA_Stratejia", "KATA_Stratejia.csproj", "{5FECC419-A0C3-4EAF-AF91-F77E7C726361}"
EndProject
Global
	GlobalSection(SolutionConfigurationPlatforms) = preSolution
		Debug|Any CPU = Debug|Any CPU
		Release|Any CPU = Release|Any CPU
	EndGlobalSection
	GlobalSection(ProjectConfigurationPlatforms) = postSolution
		{5FECC419-A0C3-4EAF-AF91-F77E7C726361}.Debug|Any CPU.ActiveCfg = Debug|Any CPU
		{5FECC419-A0C3-4EAF-AF91-F77E7C726361}.Debug|Any CPU.Build.0 = Debug|Any CPU
		{5FECC419-A0C3-4EAF-AF91-F77E7C726361}.Release|Any CPU.ActiveCfg = Release|Any CPU
		{5FECC419-A0C3-4EAF-AF91-F77E7C726361}.Release|Any CPU.Build.0 = Release|Any CPU
	EndGlobalSection
	GlobalSection(SolutionProperties) = preSolution
		HideSolutionNode = FALSE
	EndGlobalSection
	GlobalSection(ExtensibilityGlobals) = postSolution
		SolutionGuid = {EC9EF753-A70B-45B7-9B3A-355A59EB7F4B}
	EndGlobalSection
EndGlobal
